
Microsoft Visual Studio Solution File, Format Version 12.00
# Visual Studio Version 17
VisualStudioVersion = 17.11.35327.3
MinimumVisualStudioVersion = 10.0.40219.1
Project("{FAE04EC0-301F-11D3-BF4B-00C04F79EFBC}") = "GrabInjection", "GrabInjection.csproj", "{25698E3F-25B5-4C3C-89AC-AA0D68CCBDC9}"
EndProject
Global
	GlobalSection(SolutionConfigurationPlatforms) = preSolution
		Debug|Any CPU = Debug|Any CPU
		Release|Any CPU = Release|Any CPU
	EndGlobalSection
	GlobalSection(ProjectConfigurationPlatforms) = postSolution
		{25698E3F-25B5-4C3C-89AC-AA0D68CCBDC9}.Debug|Any CPU.ActiveCfg = Debug|Any CPU
		{25698E3F-25B5-4C3C-89AC-AA0D68CCBDC9}.Debug|Any CPU.Build.0 = Debug|Any CPU
		{25698E3F-25B5-4C3C-89AC-AA0D68CCBDC9}.Release|Any CPU.ActiveCfg = Release|Any CPU
		{25698E3F-25B5-4C3C-89AC-AA0D68CCBDC9}.Release|Any CPU.Build.0 = Release|Any CPU
	EndGlobalSection
	GlobalSection(SolutionProperties) = preSolution
		HideSolutionNode = FALSE
	EndGlobalSection
	GlobalSection(ExtensibilityGlobals) = postSolution
		SolutionGuid = {D5EFD0A9-4492-487B-9913-5FA2544A1B93}
	EndGlobalSection
EndGlobal
